
Microsoft Visual Studio Solution File, Format Version 12.00
# Visual Studio Version 17
VisualStudioVersion = 17.11.35431.28
MinimumVisualStudioVersion = 10.0.40219.1
Project("{9A19103F-16F7-4668-BE54-9A1E7A4F7556}") = "WebScraping", "WebScraping\WebScraping.csproj", "{9DE5DCD5-D06D-4625-A5DC-8566BFE5B0DB}"
EndProject
Project("{FAE04EC0-301F-11D3-BF4B-00C04F79EFBC}") = "Client", "Client\Client.csproj", "{0335B790-D50E-4A5B-859C-EFCDD145D032}"
EndProject
Global
	GlobalSection(SolutionConfigurationPlatforms) = preSolution
		Debug|Any CPU = Debug|Any CPU
		Release|Any CPU = Release|Any CPU
	EndGlobalSection
	GlobalSection(ProjectConfigurationPlatforms) = postSolution
		{9DE5DCD5-D06D-4625-A5DC-8566BFE5B0DB}.Debug|Any CPU.ActiveCfg = Debug|Any CPU
		{9DE5DCD5-D06D-4625-A5DC-8566BFE5B0DB}.Debug|Any CPU.Build.0 = Debug|Any CPU
		{9DE5DCD5-D06D-4625-A5DC-8566BFE5B0DB}.Release|Any CPU.ActiveCfg = Release|Any CPU
		{9DE5DCD5-D06D-4625-A5DC-8566BFE5B0DB}.Release|Any CPU.Build.0 = Release|Any CPU
		{0335B790-D50E-4A5B-859C-EFCDD145D032}.Debug|Any CPU.ActiveCfg = Debug|Any CPU
		{0335B790-D50E-4A5B-859C-EFCDD145D032}.Debug|Any CPU.Build.0 = Debug|Any CPU
		{0335B790-D50E-4A5B-859C-EFCDD145D032}.Release|Any CPU.ActiveCfg = Release|Any CPU
		{0335B790-D50E-4A5B-859C-EFCDD145D032}.Release|Any CPU.Build.0 = Release|Any CPU
	EndGlobalSection
	GlobalSection(SolutionProperties) = preSolution
		HideSolutionNode = FALSE
	EndGlobalSection
	GlobalSection(ExtensibilityGlobals) = postSolution
		SolutionGuid = {176DFD98-3565-4E6A-87AB-458537FF74B2}
	EndGlobalSection
EndGlobal
